
Microsoft Visual Studio Solution File, Format Version 12.00
# Visual Studio Version 17
VisualStudioVersion = 17.5.002.0
MinimumVisualStudioVersion = 10.0.40219.1
Project("{2150E333-8FDC-42A3-9474-1A3956D46DE8}") = "src", "src", "{5AE952A7-C5EF-4EAA-8FF8-22364621543F}"
EndProject
Project("{2150E333-8FDC-42A3-9474-1A3956D46DE8}") = "api", "api", "{B54E2290-B3D8-4037-B009-9495B9EC9716}"
EndProject
Project("{2150E333-8FDC-42A3-9474-1A3956D46DE8}") = "dotnet", "dotnet", "{515D972B-DF2C-4E7B-8B78-043531B85326}"
EndProject
Project("{9A19103F-16F7-4668-BE54-9A1E7A4F7556}") = "TodoListFn", "src\api\dotnet\ToDoFunctionApp\TodoListFn.csproj", "{0533BE03-E753-4EE0-BAC0-22489C97A336}"
EndProject
Global
	GlobalSection(SolutionConfigurationPlatforms) = preSolution
		Debug|Any CPU = Debug|Any CPU
		Release|Any CPU = Release|Any CPU
	EndGlobalSection
	GlobalSection(ProjectConfigurationPlatforms) = postSolution
		{0533BE03-E753-4EE0-BAC0-22489C97A336}.Debug|Any CPU.ActiveCfg = Debug|Any CPU
		{0533BE03-E753-4EE0-BAC0-22489C97A336}.Debug|Any CPU.Build.0 = Debug|Any CPU
		{0533BE03-E753-4EE0-BAC0-22489C97A336}.Release|Any CPU.ActiveCfg = Release|Any CPU
		{0533BE03-E753-4EE0-BAC0-22489C97A336}.Release|Any CPU.Build.0 = Release|Any CPU
	EndGlobalSection
	GlobalSection(SolutionProperties) = preSolution
		HideSolutionNode = FALSE
	EndGlobalSection
	GlobalSection(NestedProjects) = preSolution
		{B54E2290-B3D8-4037-B009-9495B9EC9716} = {5AE952A7-C5EF-4EAA-8FF8-22364621543F}
		{515D972B-DF2C-4E7B-8B78-043531B85326} = {B54E2290-B3D8-4037-B009-9495B9EC9716}
		{0533BE03-E753-4EE0-BAC0-22489C97A336} = {515D972B-DF2C-4E7B-8B78-043531B85326}
	EndGlobalSection
	GlobalSection(ExtensibilityGlobals) = postSolution
		SolutionGuid = {81EFBBB7-C8BE-47B2-AE58-9323A9F9E755}
	EndGlobalSection
EndGlobal
